// !$*UTF8*$!
{
	archiveVersion = 1;
	classes = {
	};
	objectVersion = 46;
	objects = {

/* Begin PBXBuildFile section */
		45FBF729A59E225BB919A2F3 /* libPods.a in Frameworks */ = {isa = PBXBuildFile; fileRef = D688DCDE11C21B2DB77FD335 /* libPods.a */; };
		560924831BE9C7F400E1099B /* AddressBook.framework in Frameworks */ = {isa = PBXBuildFile; fileRef = 560924811BE9C7F400E1099B /* AddressBook.framework */; };
		5660EF811BEACB5D00F06E08 /* CoreLocation.framework in Frameworks */ = {isa = PBXBuildFile; fileRef = 5660EF801BEACB5D00F06E08 /* CoreLocation.framework */; };
		567A1BEC1BE565CE0050646B /* cafe.m in Sources */ = {isa = PBXBuildFile; fileRef = 567A1BEB1BE565CE0050646B /* cafe.m */; };
		5695125F1BE73963006C6A7C /* Location.m in Sources */ = {isa = PBXBuildFile; fileRef = 5695125E1BE73963006C6A7C /* Location.m */; };
		56D87A791BE5360900BD4736 /* main.m in Sources */ = {isa = PBXBuildFile; fileRef = 56D87A781BE5360900BD4736 /* main.m */; };
		56D87A7C1BE5360900BD4736 /* AppDelegate.m in Sources */ = {isa = PBXBuildFile; fileRef = 56D87A7B1BE5360900BD4736 /* AppDelegate.m */; };
		56D87A7F1BE5360900BD4736 /* MasterViewController.m in Sources */ = {isa = PBXBuildFile; fileRef = 56D87A7E1BE5360900BD4736 /* MasterViewController.m */; };
		56D87A851BE5360900BD4736 /* Main.storyboard in Resources */ = {isa = PBXBuildFile; fileRef = 56D87A831BE5360900BD4736 /* Main.storyboard */; };
		56D87A871BE5360900BD4736 /* Assets.xcassets in Resources */ = {isa = PBXBuildFile; fileRef = 56D87A861BE5360900BD4736 /* Assets.xcassets */; };
		56D87A8A1BE5360900BD4736 /* LaunchScreen.storyboard in Resources */ = {isa = PBXBuildFile; fileRef = 56D87A881BE5360900BD4736 /* LaunchScreen.storyboard */; };
		56D87A951BE5360900BD4736 /* coffeemateTests.m in Sources */ = {isa = PBXBuildFile; fileRef = 56D87A941BE5360900BD4736 /* coffeemateTests.m */; };
		56D87AA01BE5360900BD4736 /* coffeemateUITests.m in Sources */ = {isa = PBXBuildFile; fileRef = 56D87A9F1BE5360900BD4736 /* coffeemateUITests.m */; };
		56ED383A1BE8988900D996E6 /* MapKit.framework in Frameworks */ = {isa = PBXBuildFile; fileRef = 56ED38391BE8988900D996E6 /* MapKit.framework */; settings = {ATTRIBUTES = (Required, ); }; };
		56ED383D1BE899A300D996E6 /* mapViewController.m in Sources */ = {isa = PBXBuildFile; fileRef = 56ED383C1BE899A300D996E6 /* mapViewController.m */; };
/* End PBXBuildFile section */

/* Begin PBXContainerItemProxy section */
		56D87A911BE5360900BD4736 /* PBXContainerItemProxy */ = {
			isa = PBXContainerItemProxy;
			containerPortal = 56D87A6C1BE5360900BD4736 /* Project object */;
			proxyType = 1;
			remoteGlobalIDString = 56D87A731BE5360900BD4736;
			remoteInfo = coffeemate;
		};
		56D87A9C1BE5360900BD4736 /* PBXContainerItemProxy */ = {
			isa = PBXContainerItemProxy;
			containerPortal = 56D87A6C1BE5360900BD4736 /* Project object */;
			proxyType = 1;
			remoteGlobalIDString = 56D87A731BE5360900BD4736;
			remoteInfo = coffeemate;
		};
/* End PBXContainerItemProxy section */

/* Begin PBXFileReference section */
		09E67173CBB444C9791E54BA /* Pods.release.xcconfig */ = {isa = PBXFileReference; includeInIndex = 1; lastKnownFileType = text.xcconfig; name = Pods.release.xcconfig; path = "Pods/Target Support Files/Pods/Pods.release.xcconfig"; sourceTree = "<group>"; };
		560924811BE9C7F400E1099B /* AddressBook.framework */ = {isa = PBXFileReference; lastKnownFileType = wrapper.framework; name = AddressBook.framework; path = System/Library/Frameworks/AddressBook.framework; sourceTree = SDKROOT; };
		560924821BE9C7F400E1099B /* AddressBookUI.framework */ = {isa = PBXFileReference; lastKnownFileType = wrapper.framework; name = AddressBookUI.framework; path = System/Library/Frameworks/AddressBookUI.framework; sourceTree = SDKROOT; };
		5660EF801BEACB5D00F06E08 /* CoreLocation.framework */ = {isa = PBXFileReference; lastKnownFileType = wrapper.framework; name = CoreLocation.framework; path = System/Library/Frameworks/CoreLocation.framework; sourceTree = SDKROOT; };
		567A1BEA1BE565CE0050646B /* cafe.h */ = {isa = PBXFileReference; fileEncoding = 4; lastKnownFileType = sourcecode.c.h; path = cafe.h; sourceTree = "<group>"; };
		567A1BEB1BE565CE0050646B /* cafe.m */ = {isa = PBXFileReference; fileEncoding = 4; lastKnownFileType = sourcecode.c.objc; path = cafe.m; sourceTree = "<group>"; };
		5695125D1BE73963006C6A7C /* Location.h */ = {isa = PBXFileReference; fileEncoding = 4; lastKnownFileType = sourcecode.c.h; path = Location.h; sourceTree = "<group>"; };
		5695125E1BE73963006C6A7C /* Location.m */ = {isa = PBXFileReference; fileEncoding = 4; lastKnownFileType = sourcecode.c.objc; path = Location.m; sourceTree = "<group>"; };
		56D87A741BE5360900BD4736 /* coffeemate.app */ = {isa = PBXFileReference; explicitFileType = wrapper.application; includeInIndex = 0; path = coffeemate.app; sourceTree = BUILT_PRODUCTS_DIR; };
		56D87A781BE5360900BD4736 /* main.m */ = {isa = PBXFileReference; lastKnownFileType = sourcecode.c.objc; path = main.m; sourceTree = "<group>"; };
		56D87A7A1BE5360900BD4736 /* AppDelegate.h */ = {isa = PBXFileReference; lastKnownFileType = sourcecode.c.h; path = AppDelegate.h; sourceTree = "<group>"; };
		56D87A7B1BE5360900BD4736 /* AppDelegate.m */ = {isa = PBXFileReference; lastKnownFileType = sourcecode.c.objc; path = AppDelegate.m; sourceTree = "<group>"; };
		56D87A7D1BE5360900BD4736 /* MasterViewController.h */ = {isa = PBXFileReference; lastKnownFileType = sourcecode.c.h; path = MasterViewController.h; sourceTree = "<group>"; };
		56D87A7E1BE5360900BD4736 /* MasterViewController.m */ = {isa = PBXFileReference; lastKnownFileType = sourcecode.c.objc; path = MasterViewController.m; sourceTree = "<group>"; };
		56D87A841BE5360900BD4736 /* Base */ = {isa = PBXFileReference; lastKnownFileType = file.storyboard; name = Base; path = Base.lproj/Main.storyboard; sourceTree = "<group>"; };
		56D87A861BE5360900BD4736 /* Assets.xcassets */ = {isa = PBXFileReference; lastKnownFileType = folder.assetcatalog; path = Assets.xcassets; sourceTree = "<group>"; };
		56D87A891BE5360900BD4736 /* Base */ = {isa = PBXFileReference; lastKnownFileType = file.storyboard; name = Base; path = Base.lproj/LaunchScreen.storyboard; sourceTree = "<group>"; };
		56D87A8B1BE5360900BD4736 /* Info.plist */ = {isa = PBXFileReference; lastKnownFileType = text.plist.xml; path = Info.plist; sourceTree = "<group>"; };
		56D87A901BE5360900BD4736 /* coffeemateTests.xctest */ = {isa = PBXFileReference; explicitFileType = wrapper.cfbundle; includeInIndex = 0; path = coffeemateTests.xctest; sourceTree = BUILT_PRODUCTS_DIR; };
		56D87A941BE5360900BD4736 /* coffeemateTests.m */ = {isa = PBXFileReference; lastKnownFileType = sourcecode.c.objc; path = coffeemateTests.m; sourceTree = "<group>"; };
		56D87A961BE5360900BD4736 /* Info.plist */ = {isa = PBXFileReference; lastKnownFileType = text.plist.xml; path = Info.plist; sourceTree = "<group>"; };
		56D87A9B1BE5360900BD4736 /* coffeemateUITests.xctest */ = {isa = PBXFileReference; explicitFileType = wrapper.cfbundle; includeInIndex = 0; path = coffeemateUITests.xctest; sourceTree = BUILT_PRODUCTS_DIR; };
		56D87A9F1BE5360900BD4736 /* coffeemateUITests.m */ = {isa = PBXFileReference; lastKnownFileType = sourcecode.c.objc; path = coffeemateUITests.m; sourceTree = "<group>"; };
		56D87AA11BE5360900BD4736 /* Info.plist */ = {isa = PBXFileReference; lastKnownFileType = text.plist.xml; path = Info.plist; sourceTree = "<group>"; };
		56ED38391BE8988900D996E6 /* MapKit.framework */ = {isa = PBXFileReference; lastKnownFileType = wrapper.framework; name = MapKit.framework; path = System/Library/Frameworks/MapKit.framework; sourceTree = SDKROOT; };
		56ED383B1BE899A300D996E6 /* mapViewController.h */ = {isa = PBXFileReference; fileEncoding = 4; lastKnownFileType = sourcecode.c.h; path = mapViewController.h; sourceTree = "<group>"; };
		56ED383C1BE899A300D996E6 /* mapViewController.m */ = {isa = PBXFileReference; fileEncoding = 4; lastKnownFileType = sourcecode.c.objc; path = mapViewController.m; sourceTree = "<group>"; };
		71D5C01B58A02F18191847D1 /* Pods.debug.xcconfig */ = {isa = PBXFileReference; includeInIndex = 1; lastKnownFileType = text.xcconfig; name = Pods.debug.xcconfig; path = "Pods/Target Support Files/Pods/Pods.debug.xcconfig"; sourceTree = "<group>"; };
		D688DCDE11C21B2DB77FD335 /* libPods.a */ = {isa = PBXFileReference; explicitFileType = archive.ar; includeInIndex = 0; path = libPods.a; sourceTree = BUILT_PRODUCTS_DIR; };
/* End PBXFileReference section */

/* Begin PBXFrameworksBuildPhase section */
		56D87A711BE5360900BD4736 /* Frameworks */ = {
			isa = PBXFrameworksBuildPhase;
			buildActionMask = 2147483647;
			files = (
				5660EF811BEACB5D00F06E08 /* CoreLocation.framework in Frameworks */,
				560924831BE9C7F400E1099B /* AddressBook.framework in Frameworks */,
				56ED383A1BE8988900D996E6 /* MapKit.framework in Frameworks */,
				45FBF729A59E225BB919A2F3 /* libPods.a in Frameworks */,
			);
			runOnlyForDeploymentPostprocessing = 0;
		};
		56D87A8D1BE5360900BD4736 /* Frameworks */ = {
			isa = PBXFrameworksBuildPhase;
			buildActionMask = 2147483647;
			files = (
			);
			runOnlyForDeploymentPostprocessing = 0;
		};
		56D87A981BE5360900BD4736 /* Frameworks */ = {
			isa = PBXFrameworksBuildPhase;
			buildActionMask = 2147483647;
			files = (
			);
			runOnlyForDeploymentPostprocessing = 0;
		};
/* End PBXFrameworksBuildPhase section */

/* Begin PBXGroup section */
		11897A138BA7B36972717EE3 /* Frameworks */ = {
			isa = PBXGroup;
			children = (
				5660EF801BEACB5D00F06E08 /* CoreLocation.framework */,
				560924811BE9C7F400E1099B /* AddressBook.framework */,
				560924821BE9C7F400E1099B /* AddressBookUI.framework */,
				56ED38391BE8988900D996E6 /* MapKit.framework */,
				D688DCDE11C21B2DB77FD335 /* libPods.a */,
			);
			name = Frameworks;
			sourceTree = "<group>";
		};
		56D87A6B1BE5360900BD4736 = {
			isa = PBXGroup;
			children = (
				56D87A761BE5360900BD4736 /* coffeemate */,
				56D87A931BE5360900BD4736 /* coffeemateTests */,
				56D87A9E1BE5360900BD4736 /* coffeemateUITests */,
				56D87A751BE5360900BD4736 /* Products */,
				8DB67479078C15390A280967 /* Pods */,
				11897A138BA7B36972717EE3 /* Frameworks */,
			);
			sourceTree = "<group>";
		};
		56D87A751BE5360900BD4736 /* Products */ = {
			isa = PBXGroup;
			children = (
				56D87A741BE5360900BD4736 /* coffeemate.app */,
				56D87A901BE5360900BD4736 /* coffeemateTests.xctest */,
				56D87A9B1BE5360900BD4736 /* coffeemateUITests.xctest */,
			);
			name = Products;
			sourceTree = "<group>";
		};
		56D87A761BE5360900BD4736 /* coffeemate */ = {
			isa = PBXGroup;
			children = (
				56D87A7A1BE5360900BD4736 /* AppDelegate.h */,
				56D87A7B1BE5360900BD4736 /* AppDelegate.m */,
				56D87A7D1BE5360900BD4736 /* MasterViewController.h */,
				56D87A7E1BE5360900BD4736 /* MasterViewController.m */,
				567A1BEA1BE565CE0050646B /* cafe.h */,
				567A1BEB1BE565CE0050646B /* cafe.m */,
				5695125D1BE73963006C6A7C /* Location.h */,
				5695125E1BE73963006C6A7C /* Location.m */,
				56ED383B1BE899A300D996E6 /* mapViewController.h */,
				56ED383C1BE899A300D996E6 /* mapViewController.m */,
				56D87A831BE5360900BD4736 /* Main.storyboard */,
				56D87A861BE5360900BD4736 /* Assets.xcassets */,
				56D87A881BE5360900BD4736 /* LaunchScreen.storyboard */,
				56D87A8B1BE5360900BD4736 /* Info.plist */,
				56D87A771BE5360900BD4736 /* Supporting Files */,
			);
			path = coffeemate;
			sourceTree = "<group>";
		};
		56D87A771BE5360900BD4736 /* Supporting Files */ = {
			isa = PBXGroup;
			children = (
				56D87A781BE5360900BD4736 /* main.m */,
			);
			name = "Supporting Files";
			sourceTree = "<group>";
		};
		56D87A931BE5360900BD4736 /* coffeemateTests */ = {
			isa = PBXGroup;
			children = (
				56D87A941BE5360900BD4736 /* coffeemateTests.m */,
				56D87A961BE5360900BD4736 /* Info.plist */,
			);
			path = coffeemateTests;
			sourceTree = "<group>";
		};
		56D87A9E1BE5360900BD4736 /* coffeemateUITests */ = {
			isa = PBXGroup;
			children = (
				56D87A9F1BE5360900BD4736 /* coffeemateUITests.m */,
				56D87AA11BE5360900BD4736 /* Info.plist */,
			);
			path = coffeemateUITests;
			sourceTree = "<group>";
		};
		8DB67479078C15390A280967 /* Pods */ = {
			isa = PBXGroup;
			children = (
				71D5C01B58A02F18191847D1 /* Pods.debug.xcconfig */,
				09E67173CBB444C9791E54BA /* Pods.release.xcconfig */,
			);
			name = Pods;
			sourceTree = "<group>";
		};
/* End PBXGroup section */

/* Begin PBXNativeTarget section */
		56D87A731BE5360900BD4736 /* coffeemate */ = {
			isa = PBXNativeTarget;
			buildConfigurationList = 56D87AA41BE5360900BD4736 /* Build configuration list for PBXNativeTarget "coffeemate" */;
			buildPhases = (
				A4589B9523579BB6F29F972D /* Check Pods Manifest.lock */,
				56D87A701BE5360900BD4736 /* Sources */,
				56D87A711BE5360900BD4736 /* Frameworks */,
				56D87A721BE5360900BD4736 /* Resources */,
				53142D899365DE567EADC36C /* Copy Pods Resources */,
			);
			buildRules = (
			);
			dependencies = (
			);
			name = coffeemate;
			productName = coffeemate;
			productReference = 56D87A741BE5360900BD4736 /* coffeemate.app */;
			productType = "com.apple.product-type.application";
		};
		56D87A8F1BE5360900BD4736 /* coffeemateTests */ = {
			isa = PBXNativeTarget;
			buildConfigurationList = 56D87AA71BE5360900BD4736 /* Build configuration list for PBXNativeTarget "coffeemateTests" */;
			buildPhases = (
				56D87A8C1BE5360900BD4736 /* Sources */,
				56D87A8D1BE5360900BD4736 /* Frameworks */,
				56D87A8E1BE5360900BD4736 /* Resources */,
			);
			buildRules = (
			);
			dependencies = (
				56D87A921BE5360900BD4736 /* PBXTargetDependency */,
			);
			name = coffeemateTests;
			productName = coffeemateTests;
			productReference = 56D87A901BE5360900BD4736 /* coffeemateTests.xctest */;
			productType = "com.apple.product-type.bundle.unit-test";
		};
		56D87A9A1BE5360900BD4736 /* coffeemateUITests */ = {
			isa = PBXNativeTarget;
			buildConfigurationList = 56D87AAA1BE5360900BD4736 /* Build configuration list for PBXNativeTarget "coffeemateUITests" */;
			buildPhases = (
				56D87A971BE5360900BD4736 /* Sources */,
				56D87A981BE5360900BD4736 /* Frameworks */,
				56D87A991BE5360900BD4736 /* Resources */,
			);
			buildRules = (
			);
			dependencies = (
				56D87A9D1BE5360900BD4736 /* PBXTargetDependency */,
			);
			name = coffeemateUITests;
			productName = coffeemateUITests;
			productReference = 56D87A9B1BE5360900BD4736 /* coffeemateUITests.xctest */;
			productType = "com.apple.product-type.bundle.ui-testing";
		};
/* End PBXNativeTarget section */

/* Begin PBXProject section */
		56D87A6C1BE5360900BD4736 /* Project object */ = {
			isa = PBXProject;
			attributes = {
				LastUpgradeCheck = 0710;
				ORGANIZATIONNAME = SanjayTamizharasu;
				TargetAttributes = {
					56D87A731BE5360900BD4736 = {
						CreatedOnToolsVersion = 7.1;
						DevelopmentTeam = T9XXX743W3;
					};
					56D87A8F1BE5360900BD4736 = {
						CreatedOnToolsVersion = 7.1;
						TestTargetID = 56D87A731BE5360900BD4736;
					};
					56D87A9A1BE5360900BD4736 = {
						CreatedOnToolsVersion = 7.1;
						TestTargetID = 56D87A731BE5360900BD4736;
					};
				};
			};
			buildConfigurationList = 56D87A6F1BE5360900BD4736 /* Build configuration list for PBXProject "coffeemate" */;
			compatibilityVersion = "Xcode 3.2";
			developmentRegion = English;
			hasScannedForEncodings = 0;
			knownRegions = (
				en,
				Base,
			);
			mainGroup = 56D87A6B1BE5360900BD4736;
			productRefGroup = 56D87A751BE5360900BD4736 /* Products */;
			projectDirPath = "";
			projectRoot = "";
			targets = (
				56D87A731BE5360900BD4736 /* coffeemate */,
				56D87A8F1BE5360900BD4736 /* coffeemateTests */,
				56D87A9A1BE5360900BD4736 /* coffeemateUITests */,
			);
		};
/* End PBXProject section */

/* Begin PBXResourcesBuildPhase section */
		56D87A721BE5360900BD4736 /* Resources */ = {
			isa = PBXResourcesBuildPhase;
			buildActionMask = 2147483647;
			files = (
				56D87A8A1BE5360900BD4736 /* LaunchScreen.storyboard in Resources */,
				56D87A871BE5360900BD4736 /* Assets.xcassets in Resources */,
				56D87A851BE5360900BD4736 /* Main.storyboard in Resources */,
			);
			runOnlyForDeploymentPostprocessing = 0;
		};
		56D87A8E1BE5360900BD4736 /* Resources */ = {
			isa = PBXResourcesBuildPhase;
			buildActionMask = 2147483647;
			files = (
			);
			runOnlyForDeploymentPostprocessing = 0;
		};
		56D87A991BE5360900BD4736 /* Resources */ = {
			isa = PBXResourcesBuildPhase;
			buildActionMask = 2147483647;
			files = (
			);
			runOnlyForDeploymentPostprocessing = 0;
		};
/* End PBXResourcesBuildPhase section */

/* Begin PBXShellScriptBuildPhase section */
		53142D899365DE567EADC36C /* Copy Pods Resources */ = {
			isa = PBXShellScriptBuildPhase;
			buildActionMask = 2147483647;
			files = (
			);
			inputPaths = (
			);
			name = "Copy Pods Resources";
			outputPaths = (
			);
			runOnlyForDeploymentPostprocessing = 0;
			shellPath = /bin/sh;
			shellScript = "\"${SRCROOT}/Pods/Target Support Files/Pods/Pods-resources.sh\"\n";
			showEnvVarsInLog = 0;
		};
		A4589B9523579BB6F29F972D /* Check Pods Manifest.lock */ = {
			isa = PBXShellScriptBuildPhase;
			buildActionMask = 2147483647;
			files = (
			);
			inputPaths = (
			);
			name = "Check Pods Manifest.lock";
			outputPaths = (
			);
			runOnlyForDeploymentPostprocessing = 0;
			shellPath = /bin/sh;
			shellScript = "diff \"${PODS_ROOT}/../Podfile.lock\" \"${PODS_ROOT}/Manifest.lock\" > /dev/null\nif [[ $? != 0 ]] ; then\n    cat << EOM\nerror: The sandbox is not in sync with the Podfile.lock. Run 'pod install' or update your CocoaPods installation.\nEOM\n    exit 1\nfi\n";
			showEnvVarsInLog = 0;
		};
/* End PBXShellScriptBuildPhase section */

/* Begin PBXSourcesBuildPhase section */
		56D87A701BE5360900BD4736 /* Sources */ = {
			isa = PBXSourcesBuildPhase;
			buildActionMask = 2147483647;
			files = (
				567A1BEC1BE565CE0050646B /* cafe.m in Sources */,
				56D87A7C1BE5360900BD4736 /* AppDelegate.m in Sources */,
				56D87A7F1BE5360900BD4736 /* MasterViewController.m in Sources */,
				56D87A791BE5360900BD4736 /* main.m in Sources */,
				56ED383D1BE899A300D996E6 /* mapViewController.m in Sources */,
				5695125F1BE73963006C6A7C /* Location.m in Sources */,
			);
			runOnlyForDeploymentPostprocessing = 0;
		};
		56D87A8C1BE5360900BD4736 /* Sources */ = {
			isa = PBXSourcesBuildPhase;
			buildActionMask = 2147483647;
			files = (
				56D87A951BE5360900BD4736 /* coffeemateTests.m in Sources */,
			);
			runOnlyForDeploymentPostprocessing = 0;
		};
		56D87A971BE5360900BD4736 /* Sources */ = {
			isa = PBXSourcesBuildPhase;
			buildActionMask = 2147483647;
			files = (
				56D87AA01BE5360900BD4736 /* coffeemateUITests.m in Sources */,
			);
			runOnlyForDeploymentPostprocessing = 0;
		};
/* End PBXSourcesBuildPhase section */

/* Begin PBXTargetDependency section */
		56D87A921BE5360900BD4736 /* PBXTargetDependency */ = {
			isa = PBXTargetDependency;
			target = 56D87A731BE5360900BD4736 /* coffeemate */;
			targetProxy = 56D87A911BE5360900BD4736 /* PBXContainerItemProxy */;
		};
		56D87A9D1BE5360900BD4736 /* PBXTargetDependency */ = {
			isa = PBXTargetDependency;
			target = 56D87A731BE5360900BD4736 /* coffeemate */;
			targetProxy = 56D87A9C1BE5360900BD4736 /* PBXContainerItemProxy */;
		};
/* End PBXTargetDependency section */

/* Begin PBXVariantGroup section */
		56D87A831BE5360900BD4736 /* Main.storyboard */ = {
			isa = PBXVariantGroup;
			children = (
				56D87A841BE5360900BD4736 /* Base */,
			);
			name = Main.storyboard;
			sourceTree = "<group>";
		};
		56D87A881BE5360900BD4736 /* LaunchScreen.storyboard */ = {
			isa = PBXVariantGroup;
			children = (
				56D87A891BE5360900BD4736 /* Base */,
			);
			name = LaunchScreen.storyboard;
			sourceTree = "<group>";
		};
/* End PBXVariantGroup section */

/* Begin XCBuildConfiguration section */
		56D87AA21BE5360900BD4736 /* Debug */ = {
			isa = XCBuildConfiguration;
			buildSettings = {
				ALWAYS_SEARCH_USER_PATHS = NO;
				CLANG_CXX_LANGUAGE_STANDARD = "gnu++0x";
				CLANG_CXX_LIBRARY = "libc++";
				CLANG_ENABLE_MODULES = YES;
				CLANG_ENABLE_OBJC_ARC = YES;
				CLANG_WARN_BOOL_CONVERSION = YES;
				CLANG_WARN_CONSTANT_CONVERSION = YES;
				CLANG_WARN_DIRECT_OBJC_ISA_USAGE = YES_ERROR;
				CLANG_WARN_EMPTY_BODY = YES;
				CLANG_WARN_ENUM_CONVERSION = YES;
				CLANG_WARN_INT_CONVERSION = YES;
				CLANG_WARN_OBJC_ROOT_CLASS = YES_ERROR;
				CLANG_WARN_UNREACHABLE_CODE = YES;
				CLANG_WARN__DUPLICATE_METHOD_MATCH = YES;
				"CODE_SIGN_IDENTITY[sdk=iphoneos*]" = "iPhone Developer";
				COPY_PHASE_STRIP = NO;
				DEBUG_INFORMATION_FORMAT = dwarf;
				ENABLE_STRICT_OBJC_MSGSEND = YES;
				ENABLE_TESTABILITY = YES;
				GCC_C_LANGUAGE_STANDARD = gnu99;
				GCC_DYNAMIC_NO_PIC = NO;
				GCC_NO_COMMON_BLOCKS = YES;
				GCC_OPTIMIZATION_LEVEL = 0;
				GCC_PREPROCESSOR_DEFINITIONS = (
					"DEBUG=1",
					"$(inherited)",
				);
				GCC_WARN_64_TO_32_BIT_CONVERSION = YES;
				GCC_WARN_ABOUT_RETURN_TYPE = YES_ERROR;
				GCC_WARN_UNDECLARED_SELECTOR = YES;
				GCC_WARN_UNINITIALIZED_AUTOS = YES_AGGRESSIVE;
				GCC_WARN_UNUSED_FUNCTION = YES;
				GCC_WARN_UNUSED_VARIABLE = YES;
				IPHONEOS_DEPLOYMENT_TARGET = 9.1;
				MTL_ENABLE_DEBUG_INFO = YES;
				ONLY_ACTIVE_ARCH = YES;
				SDKROOT = iphoneos;
			};
			name = Debug;
		};
		56D87AA31BE5360900BD4736 /* Release */ = {
			isa = XCBuildConfiguration;
			buildSettings = {
				ALWAYS_SEARCH_USER_PATHS = NO;
				CLANG_CXX_LANGUAGE_STANDARD = "gnu++0x";
				CLANG_CXX_LIBRARY = "libc++";
				CLANG_ENABLE_MODULES = YES;
				CLANG_ENABLE_OBJC_ARC = YES;
				CLANG_WARN_BOOL_CONVERSION = YES;
				CLANG_WARN_CONSTANT_CONVERSION = YES;
				CLANG_WARN_DIRECT_OBJC_ISA_USAGE = YES_ERROR;
				CLANG_WARN_EMPTY_BODY = YES;
				CLANG_WARN_ENUM_CONVERSION = YES;
				CLANG_WARN_INT_CONVERSION = YES;
				CLANG_WARN_OBJC_ROOT_CLASS = YES_ERROR;
				CLANG_WARN_UNREACHABLE_CODE = YES;
				CLANG_WARN__DUPLICATE_METHOD_MATCH = YES;
				"CODE_SIGN_IDENTITY[sdk=iphoneos*]" = "iPhone Developer";
				COPY_PHASE_STRIP = NO;
				DEBUG_INFORMATION_FORMAT = "dwarf-with-dsym";
				ENABLE_NS_ASSERTIONS = NO;
				ENABLE_STRICT_OBJC_MSGSEND = YES;
				GCC_C_LANGUAGE_STANDARD = gnu99;
				GCC_NO_COMMON_BLOCKS = YES;
				GCC_WARN_64_TO_32_BIT_CONVERSION = YES;
				GCC_WARN_ABOUT_RETURN_TYPE = YES_ERROR;
				GCC_WARN_UNDECLARED_SELECTOR = YES;
				GCC_WARN_UNINITIALIZED_AUTOS = YES_AGGRESSIVE;
				GCC_WARN_UNUSED_FUNCTION = YES;
				GCC_WARN_UNUSED_VARIABLE = YES;
				IPHONEOS_DEPLOYMENT_TARGET = 9.1;
				MTL_ENABLE_DEBUG_INFO = NO;
				SDKROOT = iphoneos;
				VALIDATE_PRODUCT = YES;
			};
			name = Release;
		};
		56D87AA51BE5360900BD4736 /* Debug */ = {
			isa = XCBuildConfiguration;
			baseConfigurationReference = 71D5C01B58A02F18191847D1 /* Pods.debug.xcconfig */;
			buildSettings = {
				ASSETCATALOG_COMPILER_APPICON_NAME = AppIcon;
				CODE_SIGN_IDENTITY = "iPhone Developer";
				"CODE_SIGN_IDENTITY[sdk=iphoneos*]" = "iPhone Developer";
				INFOPLIST_FILE = coffeemate/Info.plist;
				LD_RUNPATH_SEARCH_PATHS = "$(inherited) @executable_path/Frameworks";
				PRODUCT_BUNDLE_IDENTIFIER = com.sanjaytamizharasu.sample.coffeemate;
				PRODUCT_NAME = "$(TARGET_NAME)";
				PROVISIONING_PROFILE = "";
			};
			name = Debug;
		};
		56D87AA61BE5360900BD4736 /* Release */ = {
			isa = XCBuildConfiguration;
			baseConfigurationReference = 09E67173CBB444C9791E54BA /* Pods.release.xcconfig */;
			buildSettings = {
				ASSETCATALOG_COMPILER_APPICON_NAME = AppIcon;
				CODE_SIGN_IDENTITY = "iPhone Developer";
				"CODE_SIGN_IDENTITY[sdk=iphoneos*]" = "iPhone Developer";
				INFOPLIST_FILE = coffeemate/Info.plist;
				LD_RUNPATH_SEARCH_PATHS = "$(inherited) @executable_path/Frameworks";
				PRODUCT_BUNDLE_IDENTIFIER = com.sanjaytamizharasu.sample.coffeemate;
				PRODUCT_NAME = "$(TARGET_NAME)";
				PROVISIONING_PROFILE = "";
			};
			name = Release;
		};
		56D87AA81BE5360900BD4736 /* Debug */ = {
			isa = XCBuildConfiguration;
			buildSettings = {
				BUNDLE_LOADER = "$(TEST_HOST)";
				INFOPLIST_FILE = coffeemateTests/Info.plist;
				LD_RUNPATH_SEARCH_PATHS = "$(inherited) @executable_path/Frameworks @loader_path/Frameworks";
				PRODUCT_BUNDLE_IDENTIFIER = com.sanjaytamizharasu.sample.coffeemateTests;
				PRODUCT_NAME = "$(TARGET_NAME)";
				TEST_HOST = "$(BUILT_PRODUCTS_DIR)/coffeemate.app/coffeemate";
			};
			name = Debug;
		};
		56D87AA91BE5360900BD4736 /* Release */ = {
			isa = XCBuildConfiguration;
			buildSettings = {
				BUNDLE_LOADER = "$(TEST_HOST)";
				INFOPLIST_FILE = coffeemateTests/Info.plist;
				LD_RUNPATH_SEARCH_PATHS = "$(inherited) @executable_path/Frameworks @loader_path/Frameworks";
				PRODUCT_BUNDLE_IDENTIFIER = com.sanjaytamizharasu.sample.coffeemateTests;
				PRODUCT_NAME = "$(TARGET_NAME)";
				TEST_HOST = "$(BUILT_PRODUCTS_DIR)/coffeemate.app/coffeemate";
			};
			name = Release;
		};
		56D87AAB1BE5360900BD4736 /* Debug */ = {
			isa = XCBuildConfiguration;
			buildSettings = {
				INFOPLIST_FILE = coffeemateUITests/Info.plist;
				LD_RUNPATH_SEARCH_PATHS = "$(inherited) @executable_path/Frameworks @loader_path/Frameworks";
				PRODUCT_BUNDLE_IDENTIFIER = com.sanjaytamizharasu.sample.coffeemateUITests;
				PRODUCT_NAME = "$(TARGET_NAME)";
				TEST_TARGET_NAME = coffeemate;
				USES_XCTRUNNER = YES;
			};
			name = Debug;
		};
		56D87AAC1BE5360900BD4736 /* Release */ = {
			isa = XCBuildConfiguration;
			buildSettings = {
				INFOPLIST_FILE = coffeemateUITests/Info.plist;
				LD_RUNPATH_SEARCH_PATHS = "$(inherited) @executable_path/Frameworks @loader_path/Frameworks";
				PRODUCT_BUNDLE_IDENTIFIER = com.sanjaytamizharasu.sample.coffeemateUITests;
				PRODUCT_NAME = "$(TARGET_NAME)";
				TEST_TARGET_NAME = coffeemate;
				USES_XCTRUNNER = YES;
			};
			name = Release;
		};
/* End XCBuildConfiguration section */

/* Begin XCConfigurationList section */
		56D87A6F1BE5360900BD4736 /* Build configuration list for PBXProject "coffeemate" */ = {
			isa = XCConfigurationList;
			buildConfigurations = (
				56D87AA21BE5360900BD4736 /* Debug */,
				56D87AA31BE5360900BD4736 /* Release */,
			);
			defaultConfigurationIsVisible = 0;
			defaultConfigurationName = Release;
		};
		56D87AA41BE5360900BD4736 /* Build configuration list for PBXNativeTarget "coffeemate" */ = {
			isa = XCConfigurationList;
			buildConfigurations = (
				56D87AA51BE5360900BD4736 /* Debug */,
				56D87AA61BE5360900BD4736 /* Release */,
			);
			defaultConfigurationIsVisible = 0;
			defaultConfigurationName = Release;
		};
		56D87AA71BE5360900BD4736 /* Build configuration list for PBXNativeTarget "coffeemateTests" */ = {
			isa = XCConfigurationList;
			buildConfigurations = (
				56D87AA81BE5360900BD4736 /* Debug */,
				56D87AA91BE5360900BD4736 /* Release */,
			);
			defaultConfigurationIsVisible = 0;
			defaultConfigurationName = Release;
		};
		56D87AAA1BE5360900BD4736 /* Build configuration list for PBXNativeTarget "coffeemateUITests" */ = {
			isa = XCConfigurationList;
			buildConfigurations = (
				56D87AAB1BE5360900BD4736 /* Debug */,
				56D87AAC1BE5360900BD4736 /* Release */,
			);
			defaultConfigurationIsVisible = 0;
			defaultConfigurationName = Release;
		};
/* End XCConfigurationList section */
	};
	rootObject = 56D87A6C1BE5360900BD4736 /* Project object */;
}
